
Microsoft Visual Studio Solution File, Format Version 12.00
# Visual Studio 2015
Project("{FAE04EC0-301F-11D3-BF4B-00C04F79EFBC}") = "Rougelike Example", "Rougelike Example.csproj", "{209412FA-E32F-6170-782B-9AF19905279A}"
EndProject
Project("{FAE04EC0-301F-11D3-BF4B-00C04F79EFBC}") = "Rougelike Example.Editor", "Rougelike Example.Editor.csproj", "{2060EA44-89D8-4638-EB6C-C4A2A4ABDE62}"
EndProject
Global
	GlobalSection(SolutionConfigurationPlatforms) = preSolution
		Debug|Any CPU = Debug|Any CPU
		Release|Any CPU = Release|Any CPU
	EndGlobalSection
	GlobalSection(ProjectConfigurationPlatforms) = postSolution
		{209412FA-E32F-6170-782B-9AF19905279A}.Debug|Any CPU.ActiveCfg = Debug|Any CPU
		{209412FA-E32F-6170-782B-9AF19905279A}.Debug|Any CPU.Build.0 = Debug|Any CPU
		{209412FA-E32F-6170-782B-9AF19905279A}.Release|Any CPU.ActiveCfg = Release|Any CPU
		{209412FA-E32F-6170-782B-9AF19905279A}.Release|Any CPU.Build.0 = Release|Any CPU
		{2060EA44-89D8-4638-EB6C-C4A2A4ABDE62}.Debug|Any CPU.ActiveCfg = Debug|Any CPU
		{2060EA44-89D8-4638-EB6C-C4A2A4ABDE62}.Debug|Any CPU.Build.0 = Debug|Any CPU
		{2060EA44-89D8-4638-EB6C-C4A2A4ABDE62}.Release|Any CPU.ActiveCfg = Release|Any CPU
		{2060EA44-89D8-4638-EB6C-C4A2A4ABDE62}.Release|Any CPU.Build.0 = Release|Any CPU
	EndGlobalSection
	GlobalSection(SolutionProperties) = preSolution
		HideSolutionNode = FALSE
	EndGlobalSection
EndGlobal
